
Microsoft Visual Studio Solution File, Format Version 12.00
# Visual Studio Version 17
VisualStudioVersion = 17.0.31903.59
MinimumVisualStudioVersion = 10.0.40219.1
Project("{2150E333-8FDC-42A3-9474-1A3956D46DE8}") = "Apps", "Apps", "{1787FE1D-075E-9E68-7218-25F1BD1BBEAB}"
EndProject
Project("{2150E333-8FDC-42A3-9474-1A3956D46DE8}") = "BlankApp", "BlankApp", "{F666F7D7-5FF3-C8F9-7A71-FB5E9A2953A5}"
EndProject
Project("{FAE04EC0-301F-11D3-BF4B-00C04F79EFBC}") = "BlankApp.Mobile", "Xui\Apps\BlankApp\BlankApp.Mobile.csproj", "{52F81D62-079F-4458-85A6-878C00E7F941}"
EndProject
Project("{FAE04EC0-301F-11D3-BF4B-00C04F79EFBC}") = "BlankApp.Emulator", "Xui\Apps\BlankApp\BlankApp.Emulator.csproj", "{CC04FFB5-3F85-44DC-8C20-45411B79DE50}"
EndProject
Project("{FAE04EC0-301F-11D3-BF4B-00C04F79EFBC}") = "BlankApp.Desktop", "Xui\Apps\BlankApp\BlankApp.Desktop.csproj", "{A469C7D2-CB3F-40B4-89F1-E00528161FDD}"
EndProject
Project("{2150E333-8FDC-42A3-9474-1A3956D46DE8}") = "Core", "Core", "{FBF56CC3-7AE6-AD2D-3F14-7F97FD322CD6}"
EndProject
Project("{2150E333-8FDC-42A3-9474-1A3956D46DE8}") = "Runtime", "Runtime", "{B9B45A75-0C0F-0D50-E9F8-ABF69D9594D8}"
EndProject
Project("{2150E333-8FDC-42A3-9474-1A3956D46DE8}") = "Middleware", "Middleware", "{4C86A2A1-2F52-3065-EDF8-D8D96FEEEBD5}"
EndProject
Project("{FAE04EC0-301F-11D3-BF4B-00C04F79EFBC}") = "IOS", "Xui\Runtime\IOS\IOS.csproj", "{9FCD7837-32A6-48D9-9DFB-7CBB3366F6BA}"
EndProject
Project("{FAE04EC0-301F-11D3-BF4B-00C04F79EFBC}") = "MacOS", "Xui\Runtime\MacOS\MacOS.csproj", "{5EDECE26-378A-4274-B7A4-F1A764E3DB76}"
EndProject
Project("{FAE04EC0-301F-11D3-BF4B-00C04F79EFBC}") = "Windows", "Xui\Runtime\Windows\Windows.csproj", "{19E29858-BE3F-43C7-9544-9078C2BAEA74}"
EndProject
Project("{FAE04EC0-301F-11D3-BF4B-00C04F79EFBC}") = "Emulator", "Xui\Middleware\Emulator\Emulator.csproj", "{E1030302-7B9D-468D-B062-B4AF8107C586}"
EndProject
Project("{FAE04EC0-301F-11D3-BF4B-00C04F79EFBC}") = "BlankApp.Browser", "Xui\Apps\BlankApp\BlankApp.Browser.csproj", "{417CEFBA-9667-4940-AF94-1E6E79854359}"
EndProject
Project("{FAE04EC0-301F-11D3-BF4B-00C04F79EFBC}") = "Browser", "Xui\Runtime\Browser\Browser.csproj", "{FBA08BA9-0E5D-4081-A1F1-9F05C7AD67B8}"
EndProject
Project("{FAE04EC0-301F-11D3-BF4B-00C04F79EFBC}") = "Android", "Xui\Runtime\Android\Android.csproj", "{C675F843-CD63-40AF-8614-47B709D2FC2E}"
EndProject
Project("{FAE04EC0-301F-11D3-BF4B-00C04F79EFBC}") = "Xui.Runtime.Software", "Xui\Runtime\Software\Xui.Runtime.Software.csproj", "{08A049ED-5395-4178-B4BD-BC5334E9C1B1}"
EndProject
Project("{FAE04EC0-301F-11D3-BF4B-00C04F79EFBC}") = "Xui.Core.Fonts", "Xui\Core\Fonts\Xui.Core.Fonts.csproj", "{684F9994-C5E2-4FE7-AF0C-A27EA5888313}"
EndProject
Project("{FAE04EC0-301F-11D3-BF4B-00C04F79EFBC}") = "Xui.Core.Tests", "Xui\Core\Core.Tests\Xui.Core.Tests.csproj", "{CDAAB9F2-F2DF-4070-8CD6-555325157F84}"
EndProject
Project("{FAE04EC0-301F-11D3-BF4B-00C04F79EFBC}") = "Xui.Core", "Xui\Core\Core\Xui.Core.csproj", "{C1ADC8CF-159C-4BF3-ADF8-723BA3BF6D37}"
EndProject
Project("{2150E333-8FDC-42A3-9474-1A3956D46DE8}") = "Tests", "Tests", "{0AB3BF05-4346-4AA6-1389-037BE0695223}"
EndProject
Project("{FAE04EC0-301F-11D3-BF4B-00C04F79EFBC}") = "Xui.Tests.Component", "Xui\Tests\Component\Xui.Tests.Component.csproj", "{C5C0DC6C-6162-4360-97B7-CF5FC6EA9AFF}"
EndProject
Project("{2150E333-8FDC-42A3-9474-1A3956D46DE8}") = "TestApp", "TestApp", "{72D65884-D302-45E6-E4A7-0C0F4072C23F}"
EndProject
Project("{FAE04EC0-301F-11D3-BF4B-00C04F79EFBC}") = "TestApp.Desktop", "Xui\Apps\TestApp\TestApp.Desktop.csproj", "{E719722D-EC4A-48D2-A6FB-5B9BDBD5313B}"
EndProject
Project("{FAE04EC0-301F-11D3-BF4B-00C04F79EFBC}") = "TestApp.Emulator", "Xui\Apps\TestApp\TestApp.Emulator.csproj", "{ECE7C58B-AD3E-405F-B32C-33D162AC13EA}"
EndProject
Project("{FAE04EC0-301F-11D3-BF4B-00C04F79EFBC}") = "TestApp.Mobile", "Xui\Apps\TestApp\TestApp.Mobile.csproj", "{BFBC0ECF-B8BF-4D86-BA25-245F5DFB8FDB}"
EndProject
Project("{2150E333-8FDC-42A3-9474-1A3956D46DE8}") = "ClockApp", "ClockApp", "{58031A54-AE28-4803-FB9D-53E568178C7F}"
EndProject
Project("{FAE04EC0-301F-11D3-BF4B-00C04F79EFBC}") = "ClockApp.Desktop", "Xui\Apps\ClockApp\ClockApp.Desktop.csproj", "{2960294C-3381-478A-A4E4-F8DE1546B803}"
EndProject
Project("{2150E333-8FDC-42A3-9474-1A3956D46DE8}") = "LoadTestApp", "LoadTestApp", "{C43CB5AD-AD92-5C4C-0B7F-FCAA0B85D854}"
EndProject
Project("{FAE04EC0-301F-11D3-BF4B-00C04F79EFBC}") = "LoadTestApp.Browser", "Xui\Apps\LoadTestApp\LoadTestApp.Browser.csproj", "{725023BD-F2BF-456C-ABD1-225B6C84866C}"
EndProject
Project("{FAE04EC0-301F-11D3-BF4B-00C04F79EFBC}") = "LoadTestApp.Desktop", "Xui\Apps\LoadTestApp\LoadTestApp.Desktop.csproj", "{DCC6BC27-F91C-4EFD-80EE-DA530A333518}"
EndProject
Project("{FAE04EC0-301F-11D3-BF4B-00C04F79EFBC}") = "LoadTestApp.Emulator", "Xui\Apps\LoadTestApp\LoadTestApp.Emulator.csproj", "{27ED0ED9-8F78-4885-9AD7-AED362E73F58}"
EndProject
Project("{FAE04EC0-301F-11D3-BF4B-00C04F79EFBC}") = "LoadTestApp.Mobile", "Xui\Apps\LoadTestApp\LoadTestApp.Mobile.csproj", "{8DC5CBA9-00AE-4599-99EE-9A6D0D288F99}"
EndProject
Project("{FAE04EC0-301F-11D3-BF4B-00C04F79EFBC}") = "Xui.Runtime.Test", "Xui\Runtime\Test\Xui.Runtime.Test.csproj", "{BD71F3E2-F454-436D-A8B0-C910A15EE19C}"
EndProject
Project("{FAE04EC0-301F-11D3-BF4B-00C04F79EFBC}") = "Xui.Tests.Integration", "Xui\Tests\Integration\Xui.Tests.Integration.csproj", "{8C82680E-19F6-4B1A-9978-48472BADBB89}"
EndProject
Project("{2150E333-8FDC-42A3-9474-1A3956D46DE8}") = "XuiSDK", "XuiSDK", "{6083B125-8EC5-701B-C7F5-1574109D3189}"
EndProject
Project("{FAE04EC0-301F-11D3-BF4B-00C04F79EFBC}") = "XuiSDK.Desktop", "Xui\Apps\XuiSDK\XuiSDK.Desktop.csproj", "{0D524802-9AA7-4767-BB00-1A62E668C8A8}"
EndProject
Project("{FAE04EC0-301F-11D3-BF4B-00C04F79EFBC}") = "XuiSDK.Emulator", "Xui\Apps\XuiSDK\XuiSDK.Emulator.csproj", "{8222F904-22B6-44DD-9CD6-007FB7A99BC2}"
EndProject
Project("{FAE04EC0-301F-11D3-BF4B-00C04F79EFBC}") = "XuiSDK.Mobile", "Xui\Apps\XuiSDK\XuiSDK.Mobile.csproj", "{8D56EB6C-825F-4BF5-9F4E-6E868B2B9B79}"
EndProject
Project("{FAE04EC0-301F-11D3-BF4B-00C04F79EFBC}") = "Xui.Core.DI", "Xui\Core\Core.DI\Xui.Core.DI.csproj", "{C8175D7C-5888-43BF-A32B-9D26A743E509}"
EndProject
Project("{FAE04EC0-301F-11D3-BF4B-00C04F79EFBC}") = "Xui.Tests.Docs", "Xui\Tests\Docs\Xui.Tests.Docs.csproj", "{8272DC5C-B5D0-4AEE-B72C-63009C65B718}"
EndProject
Project("{2150E333-8FDC-42A3-9474-1A3956D46DE8}") = "Templates", "Templates", "{808186BE-9BD0-DD1D-D574-36EEAD1E7F8F}"
EndProject
Project("{FAE04EC0-301F-11D3-BF4B-00C04F79EFBC}") = "Xui.Templates", "Xui\Templates\Xui.Templates.csproj", "{51102DF5-3CAD-4C6D-AC9D-E4F3FDDB72BA}"
EndProject
Global
	GlobalSection(SolutionConfigurationPlatforms) = preSolution
		Debug|Any CPU = Debug|Any CPU
		Debug|x64 = Debug|x64
		Debug|x86 = Debug|x86
		Release|Any CPU = Release|Any CPU
		Release|x64 = Release|x64
		Release|x86 = Release|x86
	EndGlobalSection
	GlobalSection(ProjectConfigurationPlatforms) = postSolution
		{52F81D62-079F-4458-85A6-878C00E7F941}.Debug|Any CPU.ActiveCfg = Debug|Any CPU
		{52F81D62-079F-4458-85A6-878C00E7F941}.Debug|Any CPU.Build.0 = Debug|Any CPU
		{52F81D62-079F-4458-85A6-878C00E7F941}.Debug|x64.ActiveCfg = Debug|Any CPU
		{52F81D62-079F-4458-85A6-878C00E7F941}.Debug|x64.Build.0 = Debug|Any CPU
		{52F81D62-079F-4458-85A6-878C00E7F941}.Debug|x86.ActiveCfg = Debug|Any CPU
		{52F81D62-079F-4458-85A6-878C00E7F941}.Debug|x86.Build.0 = Debug|Any CPU
		{52F81D62-079F-4458-85A6-878C00E7F941}.Release|Any CPU.ActiveCfg = Release|Any CPU
		{52F81D62-079F-4458-85A6-878C00E7F941}.Release|Any CPU.Build.0 = Release|Any CPU
		{52F81D62-079F-4458-85A6-878C00E7F941}.Release|x64.ActiveCfg = Release|Any CPU
		{52F81D62-079F-4458-85A6-878C00E7F941}.Release|x64.Build.0 = Release|Any CPU
		{52F81D62-079F-4458-85A6-878C00E7F941}.Release|x86.ActiveCfg = Release|Any CPU
		{52F81D62-079F-4458-85A6-878C00E7F941}.Release|x86.Build.0 = Release|Any CPU
		{CC04FFB5-3F85-44DC-8C20-45411B79DE50}.Debug|Any CPU.ActiveCfg = Debug|Any CPU
		{CC04FFB5-3F85-44DC-8C20-45411B79DE50}.Debug|Any CPU.Build.0 = Debug|Any CPU
		{CC04FFB5-3F85-44DC-8C20-45411B79DE50}.Debug|x64.ActiveCfg = Debug|Any CPU
		{CC04FFB5-3F85-44DC-8C20-45411B79DE50}.Debug|x64.Build.0 = Debug|Any CPU
		{CC04FFB5-3F85-44DC-8C20-45411B79DE50}.Debug|x86.ActiveCfg = Debug|Any CPU
		{CC04FFB5-3F85-44DC-8C20-45411B79DE50}.Debug|x86.Build.0 = Debug|Any CPU
		{CC04FFB5-3F85-44DC-8C20-45411B79DE50}.Release|Any CPU.ActiveCfg = Release|Any CPU
		{CC04FFB5-3F85-44DC-8C20-45411B79DE50}.Release|Any CPU.Build.0 = Release|Any CPU
		{CC04FFB5-3F85-44DC-8C20-45411B79DE50}.Release|x64.ActiveCfg = Release|Any CPU
		{CC04FFB5-3F85-44DC-8C20-45411B79DE50}.Release|x64.Build.0 = Release|Any CPU
		{CC04FFB5-3F85-44DC-8C20-45411B79DE50}.Release|x86.ActiveCfg = Release|Any CPU
		{CC04FFB5-3F85-44DC-8C20-45411B79DE50}.Release|x86.Build.0 = Release|Any CPU
		{A469C7D2-CB3F-40B4-89F1-E00528161FDD}.Debug|Any CPU.ActiveCfg = Debug|Any CPU
		{A469C7D2-CB3F-40B4-89F1-E00528161FDD}.Debug|Any CPU.Build.0 = Debug|Any CPU
		{A469C7D2-CB3F-40B4-89F1-E00528161FDD}.Debug|x64.ActiveCfg = Debug|Any CPU
		{A469C7D2-CB3F-40B4-89F1-E00528161FDD}.Debug|x64.Build.0 = Debug|Any CPU
		{A469C7D2-CB3F-40B4-89F1-E00528161FDD}.Debug|x86.ActiveCfg = Debug|Any CPU
		{A469C7D2-CB3F-40B4-89F1-E00528161FDD}.Debug|x86.Build.0 = Debug|Any CPU
		{A469C7D2-CB3F-40B4-89F1-E00528161FDD}.Release|Any CPU.ActiveCfg = Release|Any CPU
		{A469C7D2-CB3F-40B4-89F1-E00528161FDD}.Release|Any CPU.Build.0 = Release|Any CPU
		{A469C7D2-CB3F-40B4-89F1-E00528161FDD}.Release|x64.ActiveCfg = Release|Any CPU
		{A469C7D2-CB3F-40B4-89F1-E00528161FDD}.Release|x64.Build.0 = Release|Any CPU
		{A469C7D2-CB3F-40B4-89F1-E00528161FDD}.Release|x86.ActiveCfg = Release|Any CPU
		{A469C7D2-CB3F-40B4-89F1-E00528161FDD}.Release|x86.Build.0 = Release|Any CPU
		{9FCD7837-32A6-48D9-9DFB-7CBB3366F6BA}.Debug|Any CPU.ActiveCfg = Debug|Any CPU
		{9FCD7837-32A6-48D9-9DFB-7CBB3366F6BA}.Debug|Any CPU.Build.0 = Debug|Any CPU
		{9FCD7837-32A6-48D9-9DFB-7CBB3366F6BA}.Debug|x64.ActiveCfg = Debug|Any CPU
		{9FCD7837-32A6-48D9-9DFB-7CBB3366F6BA}.Debug|x64.Build.0 = Debug|Any CPU
		{9FCD7837-32A6-48D9-9DFB-7CBB3366F6BA}.Debug|x86.ActiveCfg = Debug|Any CPU
		{9FCD7837-32A6-48D9-9DFB-7CBB3366F6BA}.Debug|x86.Build.0 = Debug|Any CPU
		{9FCD7837-32A6-48D9-9DFB-7CBB3366F6BA}.Release|Any CPU.ActiveCfg = Release|Any CPU
		{9FCD7837-32A6-48D9-9DFB-7CBB3366F6BA}.Release|Any CPU.Build.0 = Release|Any CPU
		{9FCD7837-32A6-48D9-9DFB-7CBB3366F6BA}.Release|x64.ActiveCfg = Release|Any CPU
		{9FCD7837-32A6-48D9-9DFB-7CBB3366F6BA}.Release|x64.Build.0 = Release|Any CPU
		{9FCD7837-32A6-48D9-9DFB-7CBB3366F6BA}.Release|x86.ActiveCfg = Release|Any CPU
		{9FCD7837-32A6-48D9-9DFB-7CBB3366F6BA}.Release|x86.Build.0 = Release|Any CPU
		{5EDECE26-378A-4274-B7A4-F1A764E3DB76}.Debug|Any CPU.ActiveCfg = Debug|Any CPU
		{5EDECE26-378A-4274-B7A4-F1A764E3DB76}.Debug|Any CPU.Build.0 = Debug|Any CPU
		{5EDECE26-378A-4274-B7A4-F1A764E3DB76}.Debug|x64.ActiveCfg = Debug|Any CPU
		{5EDECE26-378A-4274-B7A4-F1A764E3DB76}.Debug|x64.Build.0 = Debug|Any CPU
		{5EDECE26-378A-4274-B7A4-F1A764E3DB76}.Debug|x86.ActiveCfg = Debug|Any CPU
		{5EDECE26-378A-4274-B7A4-F1A764E3DB76}.Debug|x86.Build.0 = Debug|Any CPU
		{5EDECE26-378A-4274-B7A4-F1A764E3DB76}.Release|Any CPU.ActiveCfg = Release|Any CPU
		{5EDECE26-378A-4274-B7A4-F1A764E3DB76}.Release|Any CPU.Build.0 = Release|Any CPU
		{5EDECE26-378A-4274-B7A4-F1A764E3DB76}.Release|x64.ActiveCfg = Release|Any CPU
		{5EDECE26-378A-4274-B7A4-F1A764E3DB76}.Release|x64.Build.0 = Release|Any CPU
		{5EDECE26-378A-4274-B7A4-F1A764E3DB76}.Release|x86.ActiveCfg = Release|Any CPU
		{5EDECE26-378A-4274-B7A4-F1A764E3DB76}.Release|x86.Build.0 = Release|Any CPU
		{19E29858-BE3F-43C7-9544-9078C2BAEA74}.Debug|Any CPU.ActiveCfg = Debug|Any CPU
		{19E29858-BE3F-43C7-9544-9078C2BAEA74}.Debug|Any CPU.Build.0 = Debug|Any CPU
		{19E29858-BE3F-43C7-9544-9078C2BAEA74}.Debug|x64.ActiveCfg = Debug|Any CPU
		{19E29858-BE3F-43C7-9544-9078C2BAEA74}.Debug|x64.Build.0 = Debug|Any CPU
		{19E29858-BE3F-43C7-9544-9078C2BAEA74}.Debug|x86.ActiveCfg = Debug|Any CPU
		{19E29858-BE3F-43C7-9544-9078C2BAEA74}.Debug|x86.Build.0 = Debug|Any CPU
		{19E29858-BE3F-43C7-9544-9078C2BAEA74}.Release|Any CPU.ActiveCfg = Release|Any CPU
		{19E29858-BE3F-43C7-9544-9078C2BAEA74}.Release|Any CPU.Build.0 = Release|Any CPU
		{19E29858-BE3F-43C7-9544-9078C2BAEA74}.Release|x64.ActiveCfg = Release|Any CPU
		{19E29858-BE3F-43C7-9544-9078C2BAEA74}.Release|x64.Build.0 = Release|Any CPU
		{19E29858-BE3F-43C7-9544-9078C2BAEA74}.Release|x86.ActiveCfg = Release|Any CPU
		{19E29858-BE3F-43C7-9544-9078C2BAEA74}.Release|x86.Build.0 = Release|Any CPU
		{E1030302-7B9D-468D-B062-B4AF8107C586}.Debug|Any CPU.ActiveCfg = Debug|Any CPU
		{E1030302-7B9D-468D-B062-B4AF8107C586}.Debug|Any CPU.Build.0 = Debug|Any CPU
		{E1030302-7B9D-468D-B062-B4AF8107C586}.Debug|x64.ActiveCfg = Debug|Any CPU
		{E1030302-7B9D-468D-B062-B4AF8107C586}.Debug|x64.Build.0 = Debug|Any CPU
		{E1030302-7B9D-468D-B062-B4AF8107C586}.Debug|x86.ActiveCfg = Debug|Any CPU
		{E1030302-7B9D-468D-B062-B4AF8107C586}.Debug|x86.Build.0 = Debug|Any CPU
		{E1030302-7B9D-468D-B062-B4AF8107C586}.Release|Any CPU.ActiveCfg = Release|Any CPU
		{E1030302-7B9D-468D-B062-B4AF8107C586}.Release|Any CPU.Build.0 = Release|Any CPU
		{E1030302-7B9D-468D-B062-B4AF8107C586}.Release|x64.ActiveCfg = Release|Any CPU
		{E1030302-7B9D-468D-B062-B4AF8107C586}.Release|x64.Build.0 = Release|Any CPU
		{E1030302-7B9D-468D-B062-B4AF8107C586}.Release|x86.ActiveCfg = Release|Any CPU
		{E1030302-7B9D-468D-B062-B4AF8107C586}.Release|x86.Build.0 = Release|Any CPU
		{417CEFBA-9667-4940-AF94-1E6E79854359}.Debug|Any CPU.ActiveCfg = Debug|Any CPU
		{417CEFBA-9667-4940-AF94-1E6E79854359}.Debug|Any CPU.Build.0 = Debug|Any CPU
		{417CEFBA-9667-4940-AF94-1E6E79854359}.Debug|x64.ActiveCfg = Debug|Any CPU
		{417CEFBA-9667-4940-AF94-1E6E79854359}.Debug|x64.Build.0 = Debug|Any CPU
		{417CEFBA-9667-4940-AF94-1E6E79854359}.Debug|x86.ActiveCfg = Debug|Any CPU
		{417CEFBA-9667-4940-AF94-1E6E79854359}.Debug|x86.Build.0 = Debug|Any CPU
		{417CEFBA-9667-4940-AF94-1E6E79854359}.Release|Any CPU.ActiveCfg = Release|Any CPU
		{417CEFBA-9667-4940-AF94-1E6E79854359}.Release|Any CPU.Build.0 = Release|Any CPU
		{417CEFBA-9667-4940-AF94-1E6E79854359}.Release|x64.ActiveCfg = Release|Any CPU
		{417CEFBA-9667-4940-AF94-1E6E79854359}.Release|x64.Build.0 = Release|Any CPU
		{417CEFBA-9667-4940-AF94-1E6E79854359}.Release|x86.ActiveCfg = Release|Any CPU
		{417CEFBA-9667-4940-AF94-1E6E79854359}.Release|x86.Build.0 = Release|Any CPU
		{FBA08BA9-0E5D-4081-A1F1-9F05C7AD67B8}.Debug|Any CPU.ActiveCfg = Debug|Any CPU
		{FBA08BA9-0E5D-4081-A1F1-9F05C7AD67B8}.Debug|Any CPU.Build.0 = Debug|Any CPU
		{FBA08BA9-0E5D-4081-A1F1-9F05C7AD67B8}.Debug|x64.ActiveCfg = Debug|Any CPU
		{FBA08BA9-0E5D-4081-A1F1-9F05C7AD67B8}.Debug|x64.Build.0 = Debug|Any CPU
		{FBA08BA9-0E5D-4081-A1F1-9F05C7AD67B8}.Debug|x86.ActiveCfg = Debug|Any CPU
		{FBA08BA9-0E5D-4081-A1F1-9F05C7AD67B8}.Debug|x86.Build.0 = Debug|Any CPU
		{FBA08BA9-0E5D-4081-A1F1-9F05C7AD67B8}.Release|Any CPU.ActiveCfg = Release|Any CPU
		{FBA08BA9-0E5D-4081-A1F1-9F05C7AD67B8}.Release|Any CPU.Build.0 = Release|Any CPU
		{FBA08BA9-0E5D-4081-A1F1-9F05C7AD67B8}.Release|x64.ActiveCfg = Release|Any CPU
		{FBA08BA9-0E5D-4081-A1F1-9F05C7AD67B8}.Release|x64.Build.0 = Release|Any CPU
		{FBA08BA9-0E5D-4081-A1F1-9F05C7AD67B8}.Release|x86.ActiveCfg = Release|Any CPU
		{FBA08BA9-0E5D-4081-A1F1-9F05C7AD67B8}.Release|x86.Build.0 = Release|Any CPU
		{C675F843-CD63-40AF-8614-47B709D2FC2E}.Debug|Any CPU.ActiveCfg = Debug|Any CPU
		{C675F843-CD63-40AF-8614-47B709D2FC2E}.Debug|Any CPU.Build.0 = Debug|Any CPU
		{C675F843-CD63-40AF-8614-47B709D2FC2E}.Debug|x64.ActiveCfg = Debug|Any CPU
		{C675F843-CD63-40AF-8614-47B709D2FC2E}.Debug|x64.Build.0 = Debug|Any CPU
		{C675F843-CD63-40AF-8614-47B709D2FC2E}.Debug|x86.ActiveCfg = Debug|Any CPU
		{C675F843-CD63-40AF-8614-47B709D2FC2E}.Debug|x86.Build.0 = Debug|Any CPU
		{C675F843-CD63-40AF-8614-47B709D2FC2E}.Release|Any CPU.ActiveCfg = Release|Any CPU
		{C675F843-CD63-40AF-8614-47B709D2FC2E}.Release|Any CPU.Build.0 = Release|Any CPU
		{C675F843-CD63-40AF-8614-47B709D2FC2E}.Release|x64.ActiveCfg = Release|Any CPU
		{C675F843-CD63-40AF-8614-47B709D2FC2E}.Release|x64.Build.0 = Release|Any CPU
		{C675F843-CD63-40AF-8614-47B709D2FC2E}.Release|x86.ActiveCfg = Release|Any CPU
		{C675F843-CD63-40AF-8614-47B709D2FC2E}.Release|x86.Build.0 = Release|Any CPU
		{08A049ED-5395-4178-B4BD-BC5334E9C1B1}.Debug|Any CPU.ActiveCfg = Debug|Any CPU
		{08A049ED-5395-4178-B4BD-BC5334E9C1B1}.Debug|Any CPU.Build.0 = Debug|Any CPU
		{08A049ED-5395-4178-B4BD-BC5334E9C1B1}.Debug|x64.ActiveCfg = Debug|Any CPU
		{08A049ED-5395-4178-B4BD-BC5334E9C1B1}.Debug|x64.Build.0 = Debug|Any CPU
		{08A049ED-5395-4178-B4BD-BC5334E9C1B1}.Debug|x86.ActiveCfg = Debug|Any CPU
		{08A049ED-5395-4178-B4BD-BC5334E9C1B1}.Debug|x86.Build.0 = Debug|Any CPU
		{08A049ED-5395-4178-B4BD-BC5334E9C1B1}.Release|Any CPU.ActiveCfg = Release|Any CPU
		{08A049ED-5395-4178-B4BD-BC5334E9C1B1}.Release|Any CPU.Build.0 = Release|Any CPU
		{08A049ED-5395-4178-B4BD-BC5334E9C1B1}.Release|x64.ActiveCfg = Release|Any CPU
		{08A049ED-5395-4178-B4BD-BC5334E9C1B1}.Release|x64.Build.0 = Release|Any CPU
		{08A049ED-5395-4178-B4BD-BC5334E9C1B1}.Release|x86.ActiveCfg = Release|Any CPU
		{08A049ED-5395-4178-B4BD-BC5334E9C1B1}.Release|x86.Build.0 = Release|Any CPU
		{684F9994-C5E2-4FE7-AF0C-A27EA5888313}.Debug|Any CPU.ActiveCfg = Debug|Any CPU
		{684F9994-C5E2-4FE7-AF0C-A27EA5888313}.Debug|Any CPU.Build.0 = Debug|Any CPU
		{684F9994-C5E2-4FE7-AF0C-A27EA5888313}.Debug|x64.ActiveCfg = Debug|Any CPU
		{684F9994-C5E2-4FE7-AF0C-A27EA5888313}.Debug|x64.Build.0 = Debug|Any CPU
		{684F9994-C5E2-4FE7-AF0C-A27EA5888313}.Debug|x86.ActiveCfg = Debug|Any CPU
		{684F9994-C5E2-4FE7-AF0C-A27EA5888313}.Debug|x86.Build.0 = Debug|Any CPU
		{684F9994-C5E2-4FE7-AF0C-A27EA5888313}.Release|Any CPU.ActiveCfg = Release|Any CPU
		{684F9994-C5E2-4FE7-AF0C-A27EA5888313}.Release|Any CPU.Build.0 = Release|Any CPU
		{684F9994-C5E2-4FE7-AF0C-A27EA5888313}.Release|x64.ActiveCfg = Release|Any CPU
		{684F9994-C5E2-4FE7-AF0C-A27EA5888313}.Release|x64.Build.0 = Release|Any CPU
		{684F9994-C5E2-4FE7-AF0C-A27EA5888313}.Release|x86.ActiveCfg = Release|Any CPU
		{684F9994-C5E2-4FE7-AF0C-A27EA5888313}.Release|x86.Build.0 = Release|Any CPU
		{CDAAB9F2-F2DF-4070-8CD6-555325157F84}.Debug|Any CPU.ActiveCfg = Debug|Any CPU
		{CDAAB9F2-F2DF-4070-8CD6-555325157F84}.Debug|Any CPU.Build.0 = Debug|Any CPU
		{CDAAB9F2-F2DF-4070-8CD6-555325157F84}.Debug|x64.ActiveCfg = Debug|Any CPU
		{CDAAB9F2-F2DF-4070-8CD6-555325157F84}.Debug|x64.Build.0 = Debug|Any CPU
		{CDAAB9F2-F2DF-4070-8CD6-555325157F84}.Debug|x86.ActiveCfg = Debug|Any CPU
		{CDAAB9F2-F2DF-4070-8CD6-555325157F84}.Debug|x86.Build.0 = Debug|Any CPU
		{CDAAB9F2-F2DF-4070-8CD6-555325157F84}.Release|Any CPU.ActiveCfg = Release|Any CPU
		{CDAAB9F2-F2DF-4070-8CD6-555325157F84}.Release|Any CPU.Build.0 = Release|Any CPU
		{CDAAB9F2-F2DF-4070-8CD6-555325157F84}.Release|x64.ActiveCfg = Release|Any CPU
		{CDAAB9F2-F2DF-4070-8CD6-555325157F84}.Release|x64.Build.0 = Release|Any CPU
		{CDAAB9F2-F2DF-4070-8CD6-555325157F84}.Release|x86.ActiveCfg = Release|Any CPU
		{CDAAB9F2-F2DF-4070-8CD6-555325157F84}.Release|x86.Build.0 = Release|Any CPU
		{C1ADC8CF-159C-4BF3-ADF8-723BA3BF6D37}.Debug|Any CPU.ActiveCfg = Debug|Any CPU
		{C1ADC8CF-159C-4BF3-ADF8-723BA3BF6D37}.Debug|Any CPU.Build.0 = Debug|Any CPU
		{C1ADC8CF-159C-4BF3-ADF8-723BA3BF6D37}.Debug|x64.ActiveCfg = Debug|Any CPU
		{C1ADC8CF-159C-4BF3-ADF8-723BA3BF6D37}.Debug|x64.Build.0 = Debug|Any CPU
		{C1ADC8CF-159C-4BF3-ADF8-723BA3BF6D37}.Debug|x86.ActiveCfg = Debug|Any CPU
		{C1ADC8CF-159C-4BF3-ADF8-723BA3BF6D37}.Debug|x86.Build.0 = Debug|Any CPU
		{C1ADC8CF-159C-4BF3-ADF8-723BA3BF6D37}.Release|Any CPU.ActiveCfg = Release|Any CPU
		{C1ADC8CF-159C-4BF3-ADF8-723BA3BF6D37}.Release|Any CPU.Build.0 = Release|Any CPU
		{C1ADC8CF-159C-4BF3-ADF8-723BA3BF6D37}.Release|x64.ActiveCfg = Release|Any CPU
		{C1ADC8CF-159C-4BF3-ADF8-723BA3BF6D37}.Release|x64.Build.0 = Release|Any CPU
		{C1ADC8CF-159C-4BF3-ADF8-723BA3BF6D37}.Release|x86.ActiveCfg = Release|Any CPU
		{C1ADC8CF-159C-4BF3-ADF8-723BA3BF6D37}.Release|x86.Build.0 = Release|Any CPU
		{C5C0DC6C-6162-4360-97B7-CF5FC6EA9AFF}.Debug|Any CPU.ActiveCfg = Debug|Any CPU
		{C5C0DC6C-6162-4360-97B7-CF5FC6EA9AFF}.Debug|Any CPU.Build.0 = Debug|Any CPU
		{C5C0DC6C-6162-4360-97B7-CF5FC6EA9AFF}.Debug|x64.ActiveCfg = Debug|Any CPU
		{C5C0DC6C-6162-4360-97B7-CF5FC6EA9AFF}.Debug|x64.Build.0 = Debug|Any CPU
		{C5C0DC6C-6162-4360-97B7-CF5FC6EA9AFF}.Debug|x86.ActiveCfg = Debug|Any CPU
		{C5C0DC6C-6162-4360-97B7-CF5FC6EA9AFF}.Debug|x86.Build.0 = Debug|Any CPU
		{C5C0DC6C-6162-4360-97B7-CF5FC6EA9AFF}.Release|Any CPU.ActiveCfg = Release|Any CPU
		{C5C0DC6C-6162-4360-97B7-CF5FC6EA9AFF}.Release|Any CPU.Build.0 = Release|Any CPU
		{C5C0DC6C-6162-4360-97B7-CF5FC6EA9AFF}.Release|x64.ActiveCfg = Release|Any CPU
		{C5C0DC6C-6162-4360-97B7-CF5FC6EA9AFF}.Release|x64.Build.0 = Release|Any CPU
		{C5C0DC6C-6162-4360-97B7-CF5FC6EA9AFF}.Release|x86.ActiveCfg = Release|Any CPU
		{C5C0DC6C-6162-4360-97B7-CF5FC6EA9AFF}.Release|x86.Build.0 = Release|Any CPU
		{E719722D-EC4A-48D2-A6FB-5B9BDBD5313B}.Debug|Any CPU.ActiveCfg = Debug|Any CPU
		{E719722D-EC4A-48D2-A6FB-5B9BDBD5313B}.Debug|Any CPU.Build.0 = Debug|Any CPU
		{E719722D-EC4A-48D2-A6FB-5B9BDBD5313B}.Debug|x64.ActiveCfg = Debug|Any CPU
		{E719722D-EC4A-48D2-A6FB-5B9BDBD5313B}.Debug|x64.Build.0 = Debug|Any CPU
		{E719722D-EC4A-48D2-A6FB-5B9BDBD5313B}.Debug|x86.ActiveCfg = Debug|Any CPU
		{E719722D-EC4A-48D2-A6FB-5B9BDBD5313B}.Debug|x86.Build.0 = Debug|Any CPU
		{E719722D-EC4A-48D2-A6FB-5B9BDBD5313B}.Release|Any CPU.ActiveCfg = Release|Any CPU
		{E719722D-EC4A-48D2-A6FB-5B9BDBD5313B}.Release|Any CPU.Build.0 = Release|Any CPU
		{E719722D-EC4A-48D2-A6FB-5B9BDBD5313B}.Release|x64.ActiveCfg = Release|Any CPU
		{E719722D-EC4A-48D2-A6FB-5B9BDBD5313B}.Release|x64.Build.0 = Release|Any CPU
		{E719722D-EC4A-48D2-A6FB-5B9BDBD5313B}.Release|x86.ActiveCfg = Release|Any CPU
		{E719722D-EC4A-48D2-A6FB-5B9BDBD5313B}.Release|x86.Build.0 = Release|Any CPU
		{ECE7C58B-AD3E-405F-B32C-33D162AC13EA}.Debug|Any CPU.ActiveCfg = Debug|Any CPU
		{ECE7C58B-AD3E-405F-B32C-33D162AC13EA}.Debug|Any CPU.Build.0 = Debug|Any CPU
		{ECE7C58B-AD3E-405F-B32C-33D162AC13EA}.Debug|x64.ActiveCfg = Debug|Any CPU
		{ECE7C58B-AD3E-405F-B32C-33D162AC13EA}.Debug|x64.Build.0 = Debug|Any CPU
		{ECE7C58B-AD3E-405F-B32C-33D162AC13EA}.Debug|x86.ActiveCfg = Debug|Any CPU
		{ECE7C58B-AD3E-405F-B32C-33D162AC13EA}.Debug|x86.Build.0 = Debug|Any CPU
		{ECE7C58B-AD3E-405F-B32C-33D162AC13EA}.Release|Any CPU.ActiveCfg = Release|Any CPU
		{ECE7C58B-AD3E-405F-B32C-33D162AC13EA}.Release|Any CPU.Build.0 = Release|Any CPU
		{ECE7C58B-AD3E-405F-B32C-33D162AC13EA}.Release|x64.ActiveCfg = Release|Any CPU
		{ECE7C58B-AD3E-405F-B32C-33D162AC13EA}.Release|x64.Build.0 = Release|Any CPU
		{ECE7C58B-AD3E-405F-B32C-33D162AC13EA}.Release|x86.ActiveCfg = Release|Any CPU
		{ECE7C58B-AD3E-405F-B32C-33D162AC13EA}.Release|x86.Build.0 = Release|Any CPU
		{BFBC0ECF-B8BF-4D86-BA25-245F5DFB8FDB}.Debug|Any CPU.ActiveCfg = Debug|Any CPU
		{BFBC0ECF-B8BF-4D86-BA25-245F5DFB8FDB}.Debug|Any CPU.Build.0 = Debug|Any CPU
		{BFBC0ECF-B8BF-4D86-BA25-245F5DFB8FDB}.Debug|x64.ActiveCfg = Debug|Any CPU
		{BFBC0ECF-B8BF-4D86-BA25-245F5DFB8FDB}.Debug|x64.Build.0 = Debug|Any CPU
		{BFBC0ECF-B8BF-4D86-BA25-245F5DFB8FDB}.Debug|x86.ActiveCfg = Debug|Any CPU
		{BFBC0ECF-B8BF-4D86-BA25-245F5DFB8FDB}.Debug|x86.Build.0 = Debug|Any CPU
		{BFBC0ECF-B8BF-4D86-BA25-245F5DFB8FDB}.Release|Any CPU.ActiveCfg = Release|Any CPU
		{BFBC0ECF-B8BF-4D86-BA25-245F5DFB8FDB}.Release|Any CPU.Build.0 = Release|Any CPU
		{BFBC0ECF-B8BF-4D86-BA25-245F5DFB8FDB}.Release|x64.ActiveCfg = Release|Any CPU
		{BFBC0ECF-B8BF-4D86-BA25-245F5DFB8FDB}.Release|x64.Build.0 = Release|Any CPU
		{BFBC0ECF-B8BF-4D86-BA25-245F5DFB8FDB}.Release|x86.ActiveCfg = Release|Any CPU
		{BFBC0ECF-B8BF-4D86-BA25-245F5DFB8FDB}.Release|x86.Build.0 = Release|Any CPU
		{2960294C-3381-478A-A4E4-F8DE1546B803}.Debug|Any CPU.ActiveCfg = Debug|Any CPU
		{2960294C-3381-478A-A4E4-F8DE1546B803}.Debug|Any CPU.Build.0 = Debug|Any CPU
		{2960294C-3381-478A-A4E4-F8DE1546B803}.Debug|x64.ActiveCfg = Debug|Any CPU
		{2960294C-3381-478A-A4E4-F8DE1546B803}.Debug|x64.Build.0 = Debug|Any CPU
		{2960294C-3381-478A-A4E4-F8DE1546B803}.Debug|x86.ActiveCfg = Debug|Any CPU
		{2960294C-3381-478A-A4E4-F8DE1546B803}.Debug|x86.Build.0 = Debug|Any CPU
		{2960294C-3381-478A-A4E4-F8DE1546B803}.Release|Any CPU.ActiveCfg = Release|Any CPU
		{2960294C-3381-478A-A4E4-F8DE1546B803}.Release|Any CPU.Build.0 = Release|Any CPU
		{2960294C-3381-478A-A4E4-F8DE1546B803}.Release|x64.ActiveCfg = Release|Any CPU
		{2960294C-3381-478A-A4E4-F8DE1546B803}.Release|x64.Build.0 = Release|Any CPU
		{2960294C-3381-478A-A4E4-F8DE1546B803}.Release|x86.ActiveCfg = Release|Any CPU
		{2960294C-3381-478A-A4E4-F8DE1546B803}.Release|x86.Build.0 = Release|Any CPU
		{725023BD-F2BF-456C-ABD1-225B6C84866C}.Debug|Any CPU.ActiveCfg = Debug|Any CPU
		{725023BD-F2BF-456C-ABD1-225B6C84866C}.Debug|Any CPU.Build.0 = Debug|Any CPU
		{725023BD-F2BF-456C-ABD1-225B6C84866C}.Debug|x64.ActiveCfg = Debug|Any CPU
		{725023BD-F2BF-456C-ABD1-225B6C84866C}.Debug|x64.Build.0 = Debug|Any CPU
		{725023BD-F2BF-456C-ABD1-225B6C84866C}.Debug|x86.ActiveCfg = Debug|Any CPU
		{725023BD-F2BF-456C-ABD1-225B6C84866C}.Debug|x86.Build.0 = Debug|Any CPU
		{725023BD-F2BF-456C-ABD1-225B6C84866C}.Release|Any CPU.ActiveCfg = Release|Any CPU
		{725023BD-F2BF-456C-ABD1-225B6C84866C}.Release|Any CPU.Build.0 = Release|Any CPU
		{725023BD-F2BF-456C-ABD1-225B6C84866C}.Release|x64.ActiveCfg = Release|Any CPU
		{725023BD-F2BF-456C-ABD1-225B6C84866C}.Release|x64.Build.0 = Release|Any CPU
		{725023BD-F2BF-456C-ABD1-225B6C84866C}.Release|x86.ActiveCfg = Release|Any CPU
		{725023BD-F2BF-456C-ABD1-225B6C84866C}.Release|x86.Build.0 = Release|Any CPU
		{DCC6BC27-F91C-4EFD-80EE-DA530A333518}.Debug|Any CPU.ActiveCfg = Debug|Any CPU
		{DCC6BC27-F91C-4EFD-80EE-DA530A333518}.Debug|Any CPU.Build.0 = Debug|Any CPU
		{DCC6BC27-F91C-4EFD-80EE-DA530A333518}.Debug|x64.ActiveCfg = Debug|Any CPU
		{DCC6BC27-F91C-4EFD-80EE-DA530A333518}.Debug|x64.Build.0 = Debug|Any CPU
		{DCC6BC27-F91C-4EFD-80EE-DA530A333518}.Debug|x86.ActiveCfg = Debug|Any CPU
		{DCC6BC27-F91C-4EFD-80EE-DA530A333518}.Debug|x86.Build.0 = Debug|Any CPU
		{DCC6BC27-F91C-4EFD-80EE-DA530A333518}.Release|Any CPU.ActiveCfg = Release|Any CPU
		{DCC6BC27-F91C-4EFD-80EE-DA530A333518}.Release|Any CPU.Build.0 = Release|Any CPU
		{DCC6BC27-F91C-4EFD-80EE-DA530A333518}.Release|x64.ActiveCfg = Release|Any CPU
		{DCC6BC27-F91C-4EFD-80EE-DA530A333518}.Release|x64.Build.0 = Release|Any CPU
		{DCC6BC27-F91C-4EFD-80EE-DA530A333518}.Release|x86.ActiveCfg = Release|Any CPU
		{DCC6BC27-F91C-4EFD-80EE-DA530A333518}.Release|x86.Build.0 = Release|Any CPU
		{27ED0ED9-8F78-4885-9AD7-AED362E73F58}.Debug|Any CPU.ActiveCfg = Debug|Any CPU
		{27ED0ED9-8F78-4885-9AD7-AED362E73F58}.Debug|Any CPU.Build.0 = Debug|Any CPU
		{27ED0ED9-8F78-4885-9AD7-AED362E73F58}.Debug|x64.ActiveCfg = Debug|Any CPU
		{27ED0ED9-8F78-4885-9AD7-AED362E73F58}.Debug|x64.Build.0 = Debug|Any CPU
		{27ED0ED9-8F78-4885-9AD7-AED362E73F58}.Debug|x86.ActiveCfg = Debug|Any CPU
		{27ED0ED9-8F78-4885-9AD7-AED362E73F58}.Debug|x86.Build.0 = Debug|Any CPU
		{27ED0ED9-8F78-4885-9AD7-AED362E73F58}.Release|Any CPU.ActiveCfg = Release|Any CPU
		{27ED0ED9-8F78-4885-9AD7-AED362E73F58}.Release|Any CPU.Build.0 = Release|Any CPU
		{27ED0ED9-8F78-4885-9AD7-AED362E73F58}.Release|x64.ActiveCfg = Release|Any CPU
		{27ED0ED9-8F78-4885-9AD7-AED362E73F58}.Release|x64.Build.0 = Release|Any CPU
		{27ED0ED9-8F78-4885-9AD7-AED362E73F58}.Release|x86.ActiveCfg = Release|Any CPU
		{27ED0ED9-8F78-4885-9AD7-AED362E73F58}.Release|x86.Build.0 = Release|Any CPU
		{8DC5CBA9-00AE-4599-99EE-9A6D0D288F99}.Debug|Any CPU.ActiveCfg = Debug|Any CPU
		{8DC5CBA9-00AE-4599-99EE-9A6D0D288F99}.Debug|Any CPU.Build.0 = Debug|Any CPU
		{8DC5CBA9-00AE-4599-99EE-9A6D0D288F99}.Debug|x64.ActiveCfg = Debug|Any CPU
		{8DC5CBA9-00AE-4599-99EE-9A6D0D288F99}.Debug|x64.Build.0 = Debug|Any CPU
		{8DC5CBA9-00AE-4599-99EE-9A6D0D288F99}.Debug|x86.ActiveCfg = Debug|Any CPU
		{8DC5CBA9-00AE-4599-99EE-9A6D0D288F99}.Debug|x86.Build.0 = Debug|Any CPU
		{8DC5CBA9-00AE-4599-99EE-9A6D0D288F99}.Release|Any CPU.ActiveCfg = Release|Any CPU
		{8DC5CBA9-00AE-4599-99EE-9A6D0D288F99}.Release|Any CPU.Build.0 = Release|Any CPU
		{8DC5CBA9-00AE-4599-99EE-9A6D0D288F99}.Release|x64.ActiveCfg = Release|Any CPU
		{8DC5CBA9-00AE-4599-99EE-9A6D0D288F99}.Release|x64.Build.0 = Release|Any CPU
		{8DC5CBA9-00AE-4599-99EE-9A6D0D288F99}.Release|x86.ActiveCfg = Release|Any CPU
		{8DC5CBA9-00AE-4599-99EE-9A6D0D288F99}.Release|x86.Build.0 = Release|Any CPU
		{BD71F3E2-F454-436D-A8B0-C910A15EE19C}.Debug|Any CPU.ActiveCfg = Debug|Any CPU
		{BD71F3E2-F454-436D-A8B0-C910A15EE19C}.Debug|Any CPU.Build.0 = Debug|Any CPU
		{BD71F3E2-F454-436D-A8B0-C910A15EE19C}.Debug|x64.ActiveCfg = Debug|Any CPU
		{BD71F3E2-F454-436D-A8B0-C910A15EE19C}.Debug|x64.Build.0 = Debug|Any CPU
		{BD71F3E2-F454-436D-A8B0-C910A15EE19C}.Debug|x86.ActiveCfg = Debug|Any CPU
		{BD71F3E2-F454-436D-A8B0-C910A15EE19C}.Debug|x86.Build.0 = Debug|Any CPU
		{BD71F3E2-F454-436D-A8B0-C910A15EE19C}.Release|Any CPU.ActiveCfg = Release|Any CPU
		{BD71F3E2-F454-436D-A8B0-C910A15EE19C}.Release|Any CPU.Build.0 = Release|Any CPU
		{BD71F3E2-F454-436D-A8B0-C910A15EE19C}.Release|x64.ActiveCfg = Release|Any CPU
		{BD71F3E2-F454-436D-A8B0-C910A15EE19C}.Release|x64.Build.0 = Release|Any CPU
		{BD71F3E2-F454-436D-A8B0-C910A15EE19C}.Release|x86.ActiveCfg = Release|Any CPU
		{BD71F3E2-F454-436D-A8B0-C910A15EE19C}.Release|x86.Build.0 = Release|Any CPU
		{8C82680E-19F6-4B1A-9978-48472BADBB89}.Debug|Any CPU.ActiveCfg = Debug|Any CPU
		{8C82680E-19F6-4B1A-9978-48472BADBB89}.Debug|Any CPU.Build.0 = Debug|Any CPU
		{8C82680E-19F6-4B1A-9978-48472BADBB89}.Debug|x64.ActiveCfg = Debug|Any CPU
		{8C82680E-19F6-4B1A-9978-48472BADBB89}.Debug|x64.Build.0 = Debug|Any CPU
		{8C82680E-19F6-4B1A-9978-48472BADBB89}.Debug|x86.ActiveCfg = Debug|Any CPU
		{8C82680E-19F6-4B1A-9978-48472BADBB89}.Debug|x86.Build.0 = Debug|Any CPU
		{8C82680E-19F6-4B1A-9978-48472BADBB89}.Release|Any CPU.ActiveCfg = Release|Any CPU
		{8C82680E-19F6-4B1A-9978-48472BADBB89}.Release|Any CPU.Build.0 = Release|Any CPU
		{8C82680E-19F6-4B1A-9978-48472BADBB89}.Release|x64.ActiveCfg = Release|Any CPU
		{8C82680E-19F6-4B1A-9978-48472BADBB89}.Release|x64.Build.0 = Release|Any CPU
		{8C82680E-19F6-4B1A-9978-48472BADBB89}.Release|x86.ActiveCfg = Release|Any CPU
		{8C82680E-19F6-4B1A-9978-48472BADBB89}.Release|x86.Build.0 = Release|Any CPU
		{0D524802-9AA7-4767-BB00-1A62E668C8A8}.Debug|Any CPU.ActiveCfg = Debug|Any CPU
		{0D524802-9AA7-4767-BB00-1A62E668C8A8}.Debug|Any CPU.Build.0 = Debug|Any CPU
		{0D524802-9AA7-4767-BB00-1A62E668C8A8}.Debug|x64.ActiveCfg = Debug|Any CPU
		{0D524802-9AA7-4767-BB00-1A62E668C8A8}.Debug|x64.Build.0 = Debug|Any CPU
		{0D524802-9AA7-4767-BB00-1A62E668C8A8}.Debug|x86.ActiveCfg = Debug|Any CPU
		{0D524802-9AA7-4767-BB00-1A62E668C8A8}.Debug|x86.Build.0 = Debug|Any CPU
		{0D524802-9AA7-4767-BB00-1A62E668C8A8}.Release|Any CPU.ActiveCfg = Release|Any CPU
		{0D524802-9AA7-4767-BB00-1A62E668C8A8}.Release|Any CPU.Build.0 = Release|Any CPU
		{0D524802-9AA7-4767-BB00-1A62E668C8A8}.Release|x64.ActiveCfg = Release|Any CPU
		{0D524802-9AA7-4767-BB00-1A62E668C8A8}.Release|x64.Build.0 = Release|Any CPU
		{0D524802-9AA7-4767-BB00-1A62E668C8A8}.Release|x86.ActiveCfg = Release|Any CPU
		{0D524802-9AA7-4767-BB00-1A62E668C8A8}.Release|x86.Build.0 = Release|Any CPU
		{8222F904-22B6-44DD-9CD6-007FB7A99BC2}.Debug|Any CPU.ActiveCfg = Debug|Any CPU
		{8222F904-22B6-44DD-9CD6-007FB7A99BC2}.Debug|Any CPU.Build.0 = Debug|Any CPU
		{8222F904-22B6-44DD-9CD6-007FB7A99BC2}.Debug|x64.ActiveCfg = Debug|Any CPU
		{8222F904-22B6-44DD-9CD6-007FB7A99BC2}.Debug|x64.Build.0 = Debug|Any CPU
		{8222F904-22B6-44DD-9CD6-007FB7A99BC2}.Debug|x86.ActiveCfg = Debug|Any CPU
		{8222F904-22B6-44DD-9CD6-007FB7A99BC2}.Debug|x86.Build.0 = Debug|Any CPU
		{8222F904-22B6-44DD-9CD6-007FB7A99BC2}.Release|Any CPU.ActiveCfg = Release|Any CPU
		{8222F904-22B6-44DD-9CD6-007FB7A99BC2}.Release|Any CPU.Build.0 = Release|Any CPU
		{8222F904-22B6-44DD-9CD6-007FB7A99BC2}.Release|x64.ActiveCfg = Release|Any CPU
		{8222F904-22B6-44DD-9CD6-007FB7A99BC2}.Release|x64.Build.0 = Release|Any CPU
		{8222F904-22B6-44DD-9CD6-007FB7A99BC2}.Release|x86.ActiveCfg = Release|Any CPU
		{8222F904-22B6-44DD-9CD6-007FB7A99BC2}.Release|x86.Build.0 = Release|Any CPU
		{8D56EB6C-825F-4BF5-9F4E-6E868B2B9B79}.Debug|Any CPU.ActiveCfg = Debug|Any CPU
		{8D56EB6C-825F-4BF5-9F4E-6E868B2B9B79}.Debug|Any CPU.Build.0 = Debug|Any CPU
		{8D56EB6C-825F-4BF5-9F4E-6E868B2B9B79}.Debug|x64.ActiveCfg = Debug|Any CPU
		{8D56EB6C-825F-4BF5-9F4E-6E868B2B9B79}.Debug|x64.Build.0 = Debug|Any CPU
		{8D56EB6C-825F-4BF5-9F4E-6E868B2B9B79}.Debug|x86.ActiveCfg = Debug|Any CPU
		{8D56EB6C-825F-4BF5-9F4E-6E868B2B9B79}.Debug|x86.Build.0 = Debug|Any CPU
		{8D56EB6C-825F-4BF5-9F4E-6E868B2B9B79}.Release|Any CPU.ActiveCfg = Release|Any CPU
		{8D56EB6C-825F-4BF5-9F4E-6E868B2B9B79}.Release|Any CPU.Build.0 = Release|Any CPU
		{8D56EB6C-825F-4BF5-9F4E-6E868B2B9B79}.Release|x64.ActiveCfg = Release|Any CPU
		{8D56EB6C-825F-4BF5-9F4E-6E868B2B9B79}.Release|x64.Build.0 = Release|Any CPU
		{8D56EB6C-825F-4BF5-9F4E-6E868B2B9B79}.Release|x86.ActiveCfg = Release|Any CPU
		{8D56EB6C-825F-4BF5-9F4E-6E868B2B9B79}.Release|x86.Build.0 = Release|Any CPU
		{C8175D7C-5888-43BF-A32B-9D26A743E509}.Debug|Any CPU.ActiveCfg = Debug|Any CPU
		{C8175D7C-5888-43BF-A32B-9D26A743E509}.Debug|Any CPU.Build.0 = Debug|Any CPU
		{C8175D7C-5888-43BF-A32B-9D26A743E509}.Debug|x64.ActiveCfg = Debug|Any CPU
		{C8175D7C-5888-43BF-A32B-9D26A743E509}.Debug|x64.Build.0 = Debug|Any CPU
		{C8175D7C-5888-43BF-A32B-9D26A743E509}.Debug|x86.ActiveCfg = Debug|Any CPU
		{C8175D7C-5888-43BF-A32B-9D26A743E509}.Debug|x86.Build.0 = Debug|Any CPU
		{C8175D7C-5888-43BF-A32B-9D26A743E509}.Release|Any CPU.ActiveCfg = Release|Any CPU
		{C8175D7C-5888-43BF-A32B-9D26A743E509}.Release|Any CPU.Build.0 = Release|Any CPU
		{C8175D7C-5888-43BF-A32B-9D26A743E509}.Release|x64.ActiveCfg = Release|Any CPU
		{C8175D7C-5888-43BF-A32B-9D26A743E509}.Release|x64.Build.0 = Release|Any CPU
		{C8175D7C-5888-43BF-A32B-9D26A743E509}.Release|x86.ActiveCfg = Release|Any CPU
		{C8175D7C-5888-43BF-A32B-9D26A743E509}.Release|x86.Build.0 = Release|Any CPU
		{8272DC5C-B5D0-4AEE-B72C-63009C65B718}.Debug|Any CPU.ActiveCfg = Debug|Any CPU
		{8272DC5C-B5D0-4AEE-B72C-63009C65B718}.Debug|Any CPU.Build.0 = Debug|Any CPU
		{8272DC5C-B5D0-4AEE-B72C-63009C65B718}.Debug|x64.ActiveCfg = Debug|Any CPU
		{8272DC5C-B5D0-4AEE-B72C-63009C65B718}.Debug|x64.Build.0 = Debug|Any CPU
		{8272DC5C-B5D0-4AEE-B72C-63009C65B718}.Debug|x86.ActiveCfg = Debug|Any CPU
		{8272DC5C-B5D0-4AEE-B72C-63009C65B718}.Debug|x86.Build.0 = Debug|Any CPU
		{8272DC5C-B5D0-4AEE-B72C-63009C65B718}.Release|Any CPU.ActiveCfg = Release|Any CPU
		{8272DC5C-B5D0-4AEE-B72C-63009C65B718}.Release|Any CPU.Build.0 = Release|Any CPU
		{8272DC5C-B5D0-4AEE-B72C-63009C65B718}.Release|x64.ActiveCfg = Release|Any CPU
		{8272DC5C-B5D0-4AEE-B72C-63009C65B718}.Release|x64.Build.0 = Release|Any CPU
		{8272DC5C-B5D0-4AEE-B72C-63009C65B718}.Release|x86.ActiveCfg = Release|Any CPU
		{8272DC5C-B5D0-4AEE-B72C-63009C65B718}.Release|x86.Build.0 = Release|Any CPU
		{51102DF5-3CAD-4C6D-AC9D-E4F3FDDB72BA}.Debug|Any CPU.ActiveCfg = Debug|Any CPU
		{51102DF5-3CAD-4C6D-AC9D-E4F3FDDB72BA}.Debug|Any CPU.Build.0 = Debug|Any CPU
		{51102DF5-3CAD-4C6D-AC9D-E4F3FDDB72BA}.Debug|x64.ActiveCfg = Debug|Any CPU
		{51102DF5-3CAD-4C6D-AC9D-E4F3FDDB72BA}.Debug|x64.Build.0 = Debug|Any CPU
		{51102DF5-3CAD-4C6D-AC9D-E4F3FDDB72BA}.Debug|x86.ActiveCfg = Debug|Any CPU
		{51102DF5-3CAD-4C6D-AC9D-E4F3FDDB72BA}.Debug|x86.Build.0 = Debug|Any CPU
		{51102DF5-3CAD-4C6D-AC9D-E4F3FDDB72BA}.Release|Any CPU.ActiveCfg = Release|Any CPU
		{51102DF5-3CAD-4C6D-AC9D-E4F3FDDB72BA}.Release|Any CPU.Build.0 = Release|Any CPU
		{51102DF5-3CAD-4C6D-AC9D-E4F3FDDB72BA}.Release|x64.ActiveCfg = Release|Any CPU
		{51102DF5-3CAD-4C6D-AC9D-E4F3FDDB72BA}.Release|x64.Build.0 = Release|Any CPU
		{51102DF5-3CAD-4C6D-AC9D-E4F3FDDB72BA}.Release|x86.ActiveCfg = Release|Any CPU
		{51102DF5-3CAD-4C6D-AC9D-E4F3FDDB72BA}.Release|x86.Build.0 = Release|Any CPU
	EndGlobalSection
	GlobalSection(SolutionProperties) = preSolution
		HideSolutionNode = FALSE
	EndGlobalSection
	GlobalSection(NestedProjects) = preSolution
		{F666F7D7-5FF3-C8F9-7A71-FB5E9A2953A5} = {1787FE1D-075E-9E68-7218-25F1BD1BBEAB}
		{52F81D62-079F-4458-85A6-878C00E7F941} = {F666F7D7-5FF3-C8F9-7A71-FB5E9A2953A5}
		{CC04FFB5-3F85-44DC-8C20-45411B79DE50} = {F666F7D7-5FF3-C8F9-7A71-FB5E9A2953A5}
		{A469C7D2-CB3F-40B4-89F1-E00528161FDD} = {F666F7D7-5FF3-C8F9-7A71-FB5E9A2953A5}
		{9FCD7837-32A6-48D9-9DFB-7CBB3366F6BA} = {B9B45A75-0C0F-0D50-E9F8-ABF69D9594D8}
		{5EDECE26-378A-4274-B7A4-F1A764E3DB76} = {B9B45A75-0C0F-0D50-E9F8-ABF69D9594D8}
		{19E29858-BE3F-43C7-9544-9078C2BAEA74} = {B9B45A75-0C0F-0D50-E9F8-ABF69D9594D8}
		{E1030302-7B9D-468D-B062-B4AF8107C586} = {4C86A2A1-2F52-3065-EDF8-D8D96FEEEBD5}
		{417CEFBA-9667-4940-AF94-1E6E79854359} = {F666F7D7-5FF3-C8F9-7A71-FB5E9A2953A5}
		{FBA08BA9-0E5D-4081-A1F1-9F05C7AD67B8} = {B9B45A75-0C0F-0D50-E9F8-ABF69D9594D8}
		{C675F843-CD63-40AF-8614-47B709D2FC2E} = {B9B45A75-0C0F-0D50-E9F8-ABF69D9594D8}
		{08A049ED-5395-4178-B4BD-BC5334E9C1B1} = {B9B45A75-0C0F-0D50-E9F8-ABF69D9594D8}
		{684F9994-C5E2-4FE7-AF0C-A27EA5888313} = {FBF56CC3-7AE6-AD2D-3F14-7F97FD322CD6}
		{CDAAB9F2-F2DF-4070-8CD6-555325157F84} = {FBF56CC3-7AE6-AD2D-3F14-7F97FD322CD6}
		{C1ADC8CF-159C-4BF3-ADF8-723BA3BF6D37} = {FBF56CC3-7AE6-AD2D-3F14-7F97FD322CD6}
		{C5C0DC6C-6162-4360-97B7-CF5FC6EA9AFF} = {0AB3BF05-4346-4AA6-1389-037BE0695223}
		{72D65884-D302-45E6-E4A7-0C0F4072C23F} = {1787FE1D-075E-9E68-7218-25F1BD1BBEAB}
		{E719722D-EC4A-48D2-A6FB-5B9BDBD5313B} = {72D65884-D302-45E6-E4A7-0C0F4072C23F}
		{ECE7C58B-AD3E-405F-B32C-33D162AC13EA} = {72D65884-D302-45E6-E4A7-0C0F4072C23F}
		{BFBC0ECF-B8BF-4D86-BA25-245F5DFB8FDB} = {72D65884-D302-45E6-E4A7-0C0F4072C23F}
		{58031A54-AE28-4803-FB9D-53E568178C7F} = {1787FE1D-075E-9E68-7218-25F1BD1BBEAB}
		{2960294C-3381-478A-A4E4-F8DE1546B803} = {58031A54-AE28-4803-FB9D-53E568178C7F}
		{C43CB5AD-AD92-5C4C-0B7F-FCAA0B85D854} = {1787FE1D-075E-9E68-7218-25F1BD1BBEAB}
		{725023BD-F2BF-456C-ABD1-225B6C84866C} = {C43CB5AD-AD92-5C4C-0B7F-FCAA0B85D854}
		{DCC6BC27-F91C-4EFD-80EE-DA530A333518} = {C43CB5AD-AD92-5C4C-0B7F-FCAA0B85D854}
		{27ED0ED9-8F78-4885-9AD7-AED362E73F58} = {C43CB5AD-AD92-5C4C-0B7F-FCAA0B85D854}
		{8DC5CBA9-00AE-4599-99EE-9A6D0D288F99} = {C43CB5AD-AD92-5C4C-0B7F-FCAA0B85D854}
		{BD71F3E2-F454-436D-A8B0-C910A15EE19C} = {B9B45A75-0C0F-0D50-E9F8-ABF69D9594D8}
		{8C82680E-19F6-4B1A-9978-48472BADBB89} = {0AB3BF05-4346-4AA6-1389-037BE0695223}
		{6083B125-8EC5-701B-C7F5-1574109D3189} = {1787FE1D-075E-9E68-7218-25F1BD1BBEAB}
		{0D524802-9AA7-4767-BB00-1A62E668C8A8} = {6083B125-8EC5-701B-C7F5-1574109D3189}
		{8222F904-22B6-44DD-9CD6-007FB7A99BC2} = {6083B125-8EC5-701B-C7F5-1574109D3189}
		{8D56EB6C-825F-4BF5-9F4E-6E868B2B9B79} = {6083B125-8EC5-701B-C7F5-1574109D3189}
		{C8175D7C-5888-43BF-A32B-9D26A743E509} = {FBF56CC3-7AE6-AD2D-3F14-7F97FD322CD6}
		{8272DC5C-B5D0-4AEE-B72C-63009C65B718} = {0AB3BF05-4346-4AA6-1389-037BE0695223}
		{51102DF5-3CAD-4C6D-AC9D-E4F3FDDB72BA} = {808186BE-9BD0-DD1D-D574-36EEAD1E7F8F}
	EndGlobalSection
EndGlobal
